
Microsoft Visual Studio Solution File, Format Version 12.00
# Visual Studio 15
VisualStudioVersion = 15.0.26403.3
MinimumVisualStudioVersion = 10.0.40219.1
Project("{8BC9CEB8-8B4A-11D0-8D11-00A0C91BC942}") = "TCP_Client", "TCP_Client\TCP_Client.vcxproj", "{BDE274ED-AC0B-4A11-A09A-C6D405439F70}"
EndProject
Project("{8BC9CEB8-8B4A-11D0-8D11-00A0C91BC942}") = "TCP_Server", "TCP_Server\TCP_Server.vcxproj", "{539BAB54-CDAF-4FA4-A2A1-BFA6E0058A45}"
EndProject
Global
	GlobalSection(SolutionConfigurationPlatforms) = preSolution
		Debug|x64 = Debug|x64
		Debug|x86 = Debug|x86
		Release|x64 = Release|x64
		Release|x86 = Release|x86
	EndGlobalSection
	GlobalSection(ProjectConfigurationPlatforms) = postSolution
		{BDE274ED-AC0B-4A11-A09A-C6D405439F70}.Debug|x64.ActiveCfg = Debug|x64
		{BDE274ED-AC0B-4A11-A09A-C6D405439F70}.Debug|x64.Build.0 = Debug|x64
		{BDE274ED-AC0B-4A11-A09A-C6D405439F70}.Debug|x86.ActiveCfg = Debug|Win32
		{BDE274ED-AC0B-4A11-A09A-C6D405439F70}.Debug|x86.Build.0 = Debug|Win32
		{BDE274ED-AC0B-4A11-A09A-C6D405439F70}.Release|x64.ActiveCfg = Release|x64
		{BDE274ED-AC0B-4A11-A09A-C6D405439F70}.Release|x64.Build.0 = Release|x64
		{BDE274ED-AC0B-4A11-A09A-C6D405439F70}.Release|x86.ActiveCfg = Release|Win32
		{BDE274ED-AC0B-4A11-A09A-C6D405439F70}.Release|x86.Build.0 = Release|Win32
		{539BAB54-CDAF-4FA4-A2A1-BFA6E0058A45}.Debug|x64.ActiveCfg = Debug|x64
		{539BAB54-CDAF-4FA4-A2A1-BFA6E0058A45}.Debug|x64.Build.0 = Debug|x64
		{539BAB54-CDAF-4FA4-A2A1-BFA6E0058A45}.Debug|x86.ActiveCfg = Debug|Win32
		{539BAB54-CDAF-4FA4-A2A1-BFA6E0058A45}.Debug|x86.Build.0 = Debug|Win32
		{539BAB54-CDAF-4FA4-A2A1-BFA6E0058A45}.Release|x64.ActiveCfg = Release|x64
		{539BAB54-CDAF-4FA4-A2A1-BFA6E0058A45}.Release|x64.Build.0 = Release|x64
		{539BAB54-CDAF-4FA4-A2A1-BFA6E0058A45}.Release|x86.ActiveCfg = Release|Win32
		{539BAB54-CDAF-4FA4-A2A1-BFA6E0058A45}.Release|x86.Build.0 = Release|Win32
	EndGlobalSection
	GlobalSection(SolutionProperties) = preSolution
		HideSolutionNode = FALSE
	EndGlobalSection
EndGlobal
